github.com/KarpelesLab/klbslog v0.3.3 h1:7+wfeMkI91miw1K4LU/EGZjtTTRy+LeI7y+ArwFMQYA=
github.com/KarpelesLab/klbslog v0.3.3/go.mod h1:bssooYDBqqeKWFEUpfJh7RGW39xcYptS3+ESq2hM6d4=
github.com/google/uuid v1.6.0 h1:NIvaJDMOsjHA8n1jAhLSgzrAzy1Hgr+hNrb57e+94F0=
github.com/google/uuid v1.6.0/go.mod h1:TIyPZe4MgqvfeYDBFedMoGGpEw/LqOeaOT+nhxU+yHo=
